
Microsoft Visual Studio Solution File, Format Version 12.00
# Visual Studio 2012
Project("{FAE04EC0-301F-11D3-BF4B-00C04F79EFBC}") = "OutcoldSolutions.Framework", "Portable\OutcoldSolutions.Framework\OutcoldSolutions.Framework.csproj", "{1B2DC586-AB06-48CD-AD91-2D699A43725E}"
EndProject
Project("{2150E333-8FDC-42A3-9474-1A3956D46DE8}") = "Portable", "Portable", "{BA81D8EC-9F75-44C9-9C91-3960F44594C2}"
EndProject
Project("{2150E333-8FDC-42A3-9474-1A3956D46DE8}") = "Suites", "Suites", "{6F698CA4-74F8-4857-8281-11547CB3E429}"
EndProject
Project("{FAE04EC0-301F-11D3-BF4B-00C04F79EFBC}") = "OutcoldSolutions.Framework.Suites", "Suites\OutcoldSolutions.Framework.Suites\OutcoldSolutions.Framework.Suites.csproj", "{B5463802-A029-4375-867F-1325FD357EC7}"
EndProject
Project("{2150E333-8FDC-42A3-9474-1A3956D46DE8}") = ".nuget", ".nuget", "{87FF4B23-3363-4CAF-89F0-44D0C544298D}"
	ProjectSection(SolutionItems) = preProject
		.nuget\NuGet.Config = .nuget\NuGet.Config
		.nuget\NuGet.exe = .nuget\NuGet.exe
		.nuget\NuGet.targets = .nuget\NuGet.targets
	EndProjectSection
EndProject
Project("{FAE04EC0-301F-11D3-BF4B-00C04F79EFBC}") = "OutcoldSolutions.InversionOfControl", "Portable\OutcoldSolutions.InversionOfControl\OutcoldSolutions.InversionOfControl.csproj", "{36896702-058C-4AC2-B630-46B34B59D7A8}"
EndProject
Project("{FAE04EC0-301F-11D3-BF4B-00C04F79EFBC}") = "OutcoldSolutions.Diagnostics.ObjectReleaseVerification", "Portable\OutcoldSolutions.Diagnostics.ObjectReleaseVerification\OutcoldSolutions.Diagnostics.ObjectReleaseVerification.csproj", "{11D40089-DC4A-44FD-A4B2-166E93778475}"
EndProject
Project("{2150E333-8FDC-42A3-9474-1A3956D46DE8}") = "Solution Items", "Solution Items", "{99D6FDDC-ED84-40B5-B279-8BC5C1BCB522}"
	ProjectSection(SolutionItems) = preProject
		OutcoldSolution.Public.snk = OutcoldSolution.Public.snk
		Settings.StyleCop = Settings.StyleCop
	EndProjectSection
EndProject
Project("{2150E333-8FDC-42A3-9474-1A3956D46DE8}") = "Windows", "Windows", "{276D7478-6217-4041-83F9-700FB02C7DB1}"
EndProject
Project("{FAE04EC0-301F-11D3-BF4B-00C04F79EFBC}") = "OutcoldSolutions.Presentation", "Windows\OutcoldSolutions.Presentation\OutcoldSolutions.Presentation.csproj", "{8C64AE2D-9131-44E9-83A4-D71B423BAF1D}"
EndProject
Project("{FAE04EC0-301F-11D3-BF4B-00C04F79EFBC}") = "OutcoldSolutions.Presentation.Suites", "Suites\OutcoldSolutions.Presentation.Suites\OutcoldSolutions.Presentation.Suites.csproj", "{F30ACDBE-B9E1-456D-8DE4-C2DD86D94A8C}"
EndProject
Project("{FAE04EC0-301F-11D3-BF4B-00C04F79EFBC}") = "OutcoldSolutions.SuitesBase", "Suites\OutcoldSolutions.SuitesBase\OutcoldSolutions.SuitesBase.csproj", "{E3859804-61A6-4FB6-9A03-6F06EEA90213}"
EndProject
Project("{FAE04EC0-301F-11D3-BF4B-00C04F79EFBC}") = "OutcoldSolutions.Presentation.Test", "Windows\OutcoldSolutions.Presentation.Test\OutcoldSolutions.Presentation.Test.csproj", "{F3A44B96-A37E-4740-8880-CB745EDCF2CC}"
EndProject
Global
	GlobalSection(SolutionConfigurationPlatforms) = preSolution
		Debug|Any CPU = Debug|Any CPU
		Debug|ARM = Debug|ARM
		Debug|x64 = Debug|x64
		Debug|x86 = Debug|x86
		Release|Any CPU = Release|Any CPU
		Release|ARM = Release|ARM
		Release|x64 = Release|x64
		Release|x86 = Release|x86
	EndGlobalSection
	GlobalSection(ProjectConfigurationPlatforms) = postSolution
		{1B2DC586-AB06-48CD-AD91-2D699A43725E}.Debug|Any CPU.ActiveCfg = Debug|Any CPU
		{1B2DC586-AB06-48CD-AD91-2D699A43725E}.Debug|Any CPU.Build.0 = Debug|Any CPU
		{1B2DC586-AB06-48CD-AD91-2D699A43725E}.Debug|ARM.ActiveCfg = Debug|Any CPU
		{1B2DC586-AB06-48CD-AD91-2D699A43725E}.Debug|x64.ActiveCfg = Debug|Any CPU
		{1B2DC586-AB06-48CD-AD91-2D699A43725E}.Debug|x86.ActiveCfg = Debug|Any CPU
		{1B2DC586-AB06-48CD-AD91-2D699A43725E}.Release|Any CPU.ActiveCfg = Release|Any CPU
		{1B2DC586-AB06-48CD-AD91-2D699A43725E}.Release|Any CPU.Build.0 = Release|Any CPU
		{1B2DC586-AB06-48CD-AD91-2D699A43725E}.Release|ARM.ActiveCfg = Release|Any CPU
		{1B2DC586-AB06-48CD-AD91-2D699A43725E}.Release|x64.ActiveCfg = Release|Any CPU
		{1B2DC586-AB06-48CD-AD91-2D699A43725E}.Release|x86.ActiveCfg = Release|Any CPU
		{B5463802-A029-4375-867F-1325FD357EC7}.Debug|Any CPU.ActiveCfg = Debug|Any CPU
		{B5463802-A029-4375-867F-1325FD357EC7}.Debug|Any CPU.Build.0 = Debug|Any CPU
		{B5463802-A029-4375-867F-1325FD357EC7}.Debug|ARM.ActiveCfg = Debug|Any CPU
		{B5463802-A029-4375-867F-1325FD357EC7}.Debug|x64.ActiveCfg = Debug|Any CPU
		{B5463802-A029-4375-867F-1325FD357EC7}.Debug|x86.ActiveCfg = Debug|Any CPU
		{B5463802-A029-4375-867F-1325FD357EC7}.Release|Any CPU.ActiveCfg = Release|Any CPU
		{B5463802-A029-4375-867F-1325FD357EC7}.Release|Any CPU.Build.0 = Release|Any CPU
		{B5463802-A029-4375-867F-1325FD357EC7}.Release|ARM.ActiveCfg = Release|Any CPU
		{B5463802-A029-4375-867F-1325FD357EC7}.Release|x64.ActiveCfg = Release|Any CPU
		{B5463802-A029-4375-867F-1325FD357EC7}.Release|x86.ActiveCfg = Release|Any CPU
		{36896702-058C-4AC2-B630-46B34B59D7A8}.Debug|Any CPU.ActiveCfg = Debug|Any CPU
		{36896702-058C-4AC2-B630-46B34B59D7A8}.Debug|Any CPU.Build.0 = Debug|Any CPU
		{36896702-058C-4AC2-B630-46B34B59D7A8}.Debug|ARM.ActiveCfg = Debug|Any CPU
		{36896702-058C-4AC2-B630-46B34B59D7A8}.Debug|x64.ActiveCfg = Debug|Any CPU
		{36896702-058C-4AC2-B630-46B34B59D7A8}.Debug|x86.ActiveCfg = Debug|Any CPU
		{36896702-058C-4AC2-B630-46B34B59D7A8}.Release|Any CPU.ActiveCfg = Release|Any CPU
		{36896702-058C-4AC2-B630-46B34B59D7A8}.Release|Any CPU.Build.0 = Release|Any CPU
		{36896702-058C-4AC2-B630-46B34B59D7A8}.Release|ARM.ActiveCfg = Release|Any CPU
		{36896702-058C-4AC2-B630-46B34B59D7A8}.Release|x64.ActiveCfg = Release|Any CPU
		{36896702-058C-4AC2-B630-46B34B59D7A8}.Release|x86.ActiveCfg = Release|Any CPU
		{11D40089-DC4A-44FD-A4B2-166E93778475}.Debug|Any CPU.ActiveCfg = Debug|Any CPU
		{11D40089-DC4A-44FD-A4B2-166E93778475}.Debug|Any CPU.Build.0 = Debug|Any CPU
		{11D40089-DC4A-44FD-A4B2-166E93778475}.Debug|ARM.ActiveCfg = Debug|Any CPU
		{11D40089-DC4A-44FD-A4B2-166E93778475}.Debug|x64.ActiveCfg = Debug|Any CPU
		{11D40089-DC4A-44FD-A4B2-166E93778475}.Debug|x86.ActiveCfg = Debug|Any CPU
		{11D40089-DC4A-44FD-A4B2-166E93778475}.Release|Any CPU.ActiveCfg = Release|Any CPU
		{11D40089-DC4A-44FD-A4B2-166E93778475}.Release|Any CPU.Build.0 = Release|Any CPU
		{11D40089-DC4A-44FD-A4B2-166E93778475}.Release|ARM.ActiveCfg = Release|Any CPU
		{11D40089-DC4A-44FD-A4B2-166E93778475}.Release|x64.ActiveCfg = Release|Any CPU
		{11D40089-DC4A-44FD-A4B2-166E93778475}.Release|x86.ActiveCfg = Release|Any CPU
		{8C64AE2D-9131-44E9-83A4-D71B423BAF1D}.Debug|Any CPU.ActiveCfg = Debug|Any CPU
		{8C64AE2D-9131-44E9-83A4-D71B423BAF1D}.Debug|Any CPU.Build.0 = Debug|Any CPU
		{8C64AE2D-9131-44E9-83A4-D71B423BAF1D}.Debug|ARM.ActiveCfg = Debug|ARM
		{8C64AE2D-9131-44E9-83A4-D71B423BAF1D}.Debug|ARM.Build.0 = Debug|ARM
		{8C64AE2D-9131-44E9-83A4-D71B423BAF1D}.Debug|x64.ActiveCfg = Debug|x64
		{8C64AE2D-9131-44E9-83A4-D71B423BAF1D}.Debug|x64.Build.0 = Debug|x64
		{8C64AE2D-9131-44E9-83A4-D71B423BAF1D}.Debug|x86.ActiveCfg = Debug|x86
		{8C64AE2D-9131-44E9-83A4-D71B423BAF1D}.Debug|x86.Build.0 = Debug|x86
		{8C64AE2D-9131-44E9-83A4-D71B423BAF1D}.Release|Any CPU.ActiveCfg = Release|Any CPU
		{8C64AE2D-9131-44E9-83A4-D71B423BAF1D}.Release|Any CPU.Build.0 = Release|Any CPU
		{8C64AE2D-9131-44E9-83A4-D71B423BAF1D}.Release|ARM.ActiveCfg = Release|ARM
		{8C64AE2D-9131-44E9-83A4-D71B423BAF1D}.Release|ARM.Build.0 = Release|ARM
		{8C64AE2D-9131-44E9-83A4-D71B423BAF1D}.Release|x64.ActiveCfg = Release|x64
		{8C64AE2D-9131-44E9-83A4-D71B423BAF1D}.Release|x64.Build.0 = Release|x64
		{8C64AE2D-9131-44E9-83A4-D71B423BAF1D}.Release|x86.ActiveCfg = Release|x86
		{8C64AE2D-9131-44E9-83A4-D71B423BAF1D}.Release|x86.Build.0 = Release|x86
		{F30ACDBE-B9E1-456D-8DE4-C2DD86D94A8C}.Debug|Any CPU.ActiveCfg = Debug|Any CPU
		{F30ACDBE-B9E1-456D-8DE4-C2DD86D94A8C}.Debug|Any CPU.Build.0 = Debug|Any CPU
		{F30ACDBE-B9E1-456D-8DE4-C2DD86D94A8C}.Debug|ARM.ActiveCfg = Debug|Any CPU
		{F30ACDBE-B9E1-456D-8DE4-C2DD86D94A8C}.Debug|x64.ActiveCfg = Debug|Any CPU
		{F30ACDBE-B9E1-456D-8DE4-C2DD86D94A8C}.Debug|x86.ActiveCfg = Debug|Any CPU
		{F30ACDBE-B9E1-456D-8DE4-C2DD86D94A8C}.Release|Any CPU.ActiveCfg = Release|Any CPU
		{F30ACDBE-B9E1-456D-8DE4-C2DD86D94A8C}.Release|Any CPU.Build.0 = Release|Any CPU
		{F30ACDBE-B9E1-456D-8DE4-C2DD86D94A8C}.Release|ARM.ActiveCfg = Release|Any CPU
		{F30ACDBE-B9E1-456D-8DE4-C2DD86D94A8C}.Release|x64.ActiveCfg = Release|Any CPU
		{F30ACDBE-B9E1-456D-8DE4-C2DD86D94A8C}.Release|x86.ActiveCfg = Release|Any CPU
		{E3859804-61A6-4FB6-9A03-6F06EEA90213}.Debug|Any CPU.ActiveCfg = Debug|Any CPU
		{E3859804-61A6-4FB6-9A03-6F06EEA90213}.Debug|Any CPU.Build.0 = Debug|Any CPU
		{E3859804-61A6-4FB6-9A03-6F06EEA90213}.Debug|ARM.ActiveCfg = Debug|Any CPU
		{E3859804-61A6-4FB6-9A03-6F06EEA90213}.Debug|x64.ActiveCfg = Debug|Any CPU
		{E3859804-61A6-4FB6-9A03-6F06EEA90213}.Debug|x86.ActiveCfg = Debug|Any CPU
		{E3859804-61A6-4FB6-9A03-6F06EEA90213}.Release|Any CPU.ActiveCfg = Release|Any CPU
		{E3859804-61A6-4FB6-9A03-6F06EEA90213}.Release|Any CPU.Build.0 = Release|Any CPU
		{E3859804-61A6-4FB6-9A03-6F06EEA90213}.Release|ARM.ActiveCfg = Release|Any CPU
		{E3859804-61A6-4FB6-9A03-6F06EEA90213}.Release|x64.ActiveCfg = Release|Any CPU
		{E3859804-61A6-4FB6-9A03-6F06EEA90213}.Release|x86.ActiveCfg = Release|Any CPU
		{F3A44B96-A37E-4740-8880-CB745EDCF2CC}.Debug|Any CPU.ActiveCfg = Debug|Any CPU
		{F3A44B96-A37E-4740-8880-CB745EDCF2CC}.Debug|Any CPU.Build.0 = Debug|Any CPU
		{F3A44B96-A37E-4740-8880-CB745EDCF2CC}.Debug|Any CPU.Deploy.0 = Debug|Any CPU
		{F3A44B96-A37E-4740-8880-CB745EDCF2CC}.Debug|ARM.ActiveCfg = Debug|ARM
		{F3A44B96-A37E-4740-8880-CB745EDCF2CC}.Debug|ARM.Build.0 = Debug|ARM
		{F3A44B96-A37E-4740-8880-CB745EDCF2CC}.Debug|ARM.Deploy.0 = Debug|ARM
		{F3A44B96-A37E-4740-8880-CB745EDCF2CC}.Debug|x64.ActiveCfg = Debug|x64
		{F3A44B96-A37E-4740-8880-CB745EDCF2CC}.Debug|x64.Build.0 = Debug|x64
		{F3A44B96-A37E-4740-8880-CB745EDCF2CC}.Debug|x64.Deploy.0 = Debug|x64
		{F3A44B96-A37E-4740-8880-CB745EDCF2CC}.Debug|x86.ActiveCfg = Debug|x86
		{F3A44B96-A37E-4740-8880-CB745EDCF2CC}.Debug|x86.Build.0 = Debug|x86
		{F3A44B96-A37E-4740-8880-CB745EDCF2CC}.Debug|x86.Deploy.0 = Debug|x86
		{F3A44B96-A37E-4740-8880-CB745EDCF2CC}.Release|Any CPU.ActiveCfg = Release|Any CPU
		{F3A44B96-A37E-4740-8880-CB745EDCF2CC}.Release|Any CPU.Build.0 = Release|Any CPU
		{F3A44B96-A37E-4740-8880-CB745EDCF2CC}.Release|Any CPU.Deploy.0 = Release|Any CPU
		{F3A44B96-A37E-4740-8880-CB745EDCF2CC}.Release|ARM.ActiveCfg = Release|ARM
		{F3A44B96-A37E-4740-8880-CB745EDCF2CC}.Release|ARM.Build.0 = Release|ARM
		{F3A44B96-A37E-4740-8880-CB745EDCF2CC}.Release|ARM.Deploy.0 = Release|ARM
		{F3A44B96-A37E-4740-8880-CB745EDCF2CC}.Release|x64.ActiveCfg = Release|x64
		{F3A44B96-A37E-4740-8880-CB745EDCF2CC}.Release|x64.Build.0 = Release|x64
		{F3A44B96-A37E-4740-8880-CB745EDCF2CC}.Release|x64.Deploy.0 = Release|x64
		{F3A44B96-A37E-4740-8880-CB745EDCF2CC}.Release|x86.ActiveCfg = Release|x86
		{F3A44B96-A37E-4740-8880-CB745EDCF2CC}.Release|x86.Build.0 = Release|x86
		{F3A44B96-A37E-4740-8880-CB745EDCF2CC}.Release|x86.Deploy.0 = Release|x86
	EndGlobalSection
	GlobalSection(SolutionProperties) = preSolution
		HideSolutionNode = FALSE
	EndGlobalSection
	GlobalSection(NestedProjects) = preSolution
		{1B2DC586-AB06-48CD-AD91-2D699A43725E} = {BA81D8EC-9F75-44C9-9C91-3960F44594C2}
		{36896702-058C-4AC2-B630-46B34B59D7A8} = {BA81D8EC-9F75-44C9-9C91-3960F44594C2}
		{11D40089-DC4A-44FD-A4B2-166E93778475} = {BA81D8EC-9F75-44C9-9C91-3960F44594C2}
		{B5463802-A029-4375-867F-1325FD357EC7} = {6F698CA4-74F8-4857-8281-11547CB3E429}
		{F30ACDBE-B9E1-456D-8DE4-C2DD86D94A8C} = {6F698CA4-74F8-4857-8281-11547CB3E429}
		{E3859804-61A6-4FB6-9A03-6F06EEA90213} = {6F698CA4-74F8-4857-8281-11547CB3E429}
		{8C64AE2D-9131-44E9-83A4-D71B423BAF1D} = {276D7478-6217-4041-83F9-700FB02C7DB1}
		{F3A44B96-A37E-4740-8880-CB745EDCF2CC} = {276D7478-6217-4041-83F9-700FB02C7DB1}
	EndGlobalSection
EndGlobal
