
Microsoft Visual Studio Solution File, Format Version 12.00
# Visual Studio 2012
Project("{FAE04EC0-301F-11D3-BF4B-00C04F79EFBC}") = "OutcoldSolutions.Framework", "Portable\OutcoldSolutions.Framework\OutcoldSolutions.Framework.csproj", "{1B2DC586-AB06-48CD-AD91-2D699A43725E}"
EndProject
Project("{2150E333-8FDC-42A3-9474-1A3956D46DE8}") = "Portable", "Portable", "{BA81D8EC-9F75-44C9-9C91-3960F44594C2}"
EndProject
Project("{2150E333-8FDC-42A3-9474-1A3956D46DE8}") = "Suites", "Suites", "{6F698CA4-74F8-4857-8281-11547CB3E429}"
EndProject
Project("{FAE04EC0-301F-11D3-BF4B-00C04F79EFBC}") = "OutcoldSolutions.Framework.Suites", "Suites\OutcoldSolutions.Framework.Suites\OutcoldSolutions.Framework.Suites.csproj", "{B5463802-A029-4375-867F-1325FD357EC7}"
EndProject
Project("{2150E333-8FDC-42A3-9474-1A3956D46DE8}") = ".nuget", ".nuget", "{87FF4B23-3363-4CAF-89F0-44D0C544298D}"
	ProjectSection(SolutionItems) = preProject
		.nuget\NuGet.Config = .nuget\NuGet.Config
		.nuget\NuGet.exe = .nuget\NuGet.exe
		.nuget\NuGet.targets = .nuget\NuGet.targets
	EndProjectSection
EndProject
Project("{FAE04EC0-301F-11D3-BF4B-00C04F79EFBC}") = "OutcoldSolutions.InversionOfControl", "Portable\OutcoldSolutions.InversionOfControl\OutcoldSolutions.InversionOfControl.csproj", "{36896702-058C-4AC2-B630-46B34B59D7A8}"
EndProject
Global
	GlobalSection(SolutionConfigurationPlatforms) = preSolution
		Debug|Any CPU = Debug|Any CPU
		Release|Any CPU = Release|Any CPU
	EndGlobalSection
	GlobalSection(ProjectConfigurationPlatforms) = postSolution
		{1B2DC586-AB06-48CD-AD91-2D699A43725E}.Debug|Any CPU.ActiveCfg = Debug|Any CPU
		{1B2DC586-AB06-48CD-AD91-2D699A43725E}.Debug|Any CPU.Build.0 = Debug|Any CPU
		{1B2DC586-AB06-48CD-AD91-2D699A43725E}.Release|Any CPU.ActiveCfg = Release|Any CPU
		{1B2DC586-AB06-48CD-AD91-2D699A43725E}.Release|Any CPU.Build.0 = Release|Any CPU
		{B5463802-A029-4375-867F-1325FD357EC7}.Debug|Any CPU.ActiveCfg = Debug|Any CPU
		{B5463802-A029-4375-867F-1325FD357EC7}.Debug|Any CPU.Build.0 = Debug|Any CPU
		{B5463802-A029-4375-867F-1325FD357EC7}.Release|Any CPU.ActiveCfg = Release|Any CPU
		{B5463802-A029-4375-867F-1325FD357EC7}.Release|Any CPU.Build.0 = Release|Any CPU
		{36896702-058C-4AC2-B630-46B34B59D7A8}.Debug|Any CPU.ActiveCfg = Debug|Any CPU
		{36896702-058C-4AC2-B630-46B34B59D7A8}.Debug|Any CPU.Build.0 = Debug|Any CPU
		{36896702-058C-4AC2-B630-46B34B59D7A8}.Release|Any CPU.ActiveCfg = Release|Any CPU
		{36896702-058C-4AC2-B630-46B34B59D7A8}.Release|Any CPU.Build.0 = Release|Any CPU
	EndGlobalSection
	GlobalSection(SolutionProperties) = preSolution
		HideSolutionNode = FALSE
	EndGlobalSection
	GlobalSection(NestedProjects) = preSolution
		{1B2DC586-AB06-48CD-AD91-2D699A43725E} = {BA81D8EC-9F75-44C9-9C91-3960F44594C2}
		{36896702-058C-4AC2-B630-46B34B59D7A8} = {BA81D8EC-9F75-44C9-9C91-3960F44594C2}
		{B5463802-A029-4375-867F-1325FD357EC7} = {6F698CA4-74F8-4857-8281-11547CB3E429}
	EndGlobalSection
EndGlobal
